
Microsoft Visual Studio Solution File, Format Version 12.00
# Visual Studio Version 16
VisualStudioVersion = 16.0.31911.196
MinimumVisualStudioVersion = 10.0.40219.1
Project("{FAE04EC0-301F-11D3-BF4B-00C04F79EFBC}") = "01 - TextReader", "01 - TextReader\01 - TextReader.csproj", "{2EF9DE3E-CED4-4998-90A7-DA0459C70357}"
EndProject
Global
	GlobalSection(SolutionConfigurationPlatforms) = preSolution
		Debug|Any CPU = Debug|Any CPU
		Release|Any CPU = Release|Any CPU
	EndGlobalSection
	GlobalSection(ProjectConfigurationPlatforms) = postSolution
		{2EF9DE3E-CED4-4998-90A7-DA0459C70357}.Debug|Any CPU.ActiveCfg = Debug|Any CPU
		{2EF9DE3E-CED4-4998-90A7-DA0459C70357}.Debug|Any CPU.Build.0 = Debug|Any CPU
		{2EF9DE3E-CED4-4998-90A7-DA0459C70357}.Release|Any CPU.ActiveCfg = Release|Any CPU
		{2EF9DE3E-CED4-4998-90A7-DA0459C70357}.Release|Any CPU.Build.0 = Release|Any CPU
	EndGlobalSection
	GlobalSection(SolutionProperties) = preSolution
		HideSolutionNode = FALSE
	EndGlobalSection
	GlobalSection(ExtensibilityGlobals) = postSolution
		SolutionGuid = {F30F6F04-6C53-4955-A6C0-393E2141FD6A}
	EndGlobalSection
EndGlobal
